
Microsoft Visual Studio Solution File, Format Version 12.00
# Visual Studio 14
VisualStudioVersion = 14.0.25123.0
MinimumVisualStudioVersion = 10.0.40219.1
Project("{FAE04EC0-301F-11D3-BF4B-00C04F79EFBC}") = "ESFullIndex.Console", "ESFullIndex.Console\FullIndex.Console\FullIndex.Console\ESFullIndex.Console.csproj", "{0553503C-8649-446E-9A8C-37F963DAC961}"
EndProject
Project("{FAE04EC0-301F-11D3-BF4B-00C04F79EFBC}") = "ESFullIndex.ElasticSearchHandler", "ESFullIndex.ESHandler\ESFullIndex.ElasticSearchHandler.csproj", "{7EE0D05E-90A4-4158-AC58-37ACCA280D2C}"
EndProject
Global
	GlobalSection(SolutionConfigurationPlatforms) = preSolution
		Debug|Any CPU = Debug|Any CPU
		Release|Any CPU = Release|Any CPU
	EndGlobalSection
	GlobalSection(ProjectConfigurationPlatforms) = postSolution
		{0553503C-8649-446E-9A8C-37F963DAC961}.Debug|Any CPU.ActiveCfg = Debug|Any CPU
		{0553503C-8649-446E-9A8C-37F963DAC961}.Debug|Any CPU.Build.0 = Debug|Any CPU
		{0553503C-8649-446E-9A8C-37F963DAC961}.Release|Any CPU.ActiveCfg = Release|Any CPU
		{0553503C-8649-446E-9A8C-37F963DAC961}.Release|Any CPU.Build.0 = Release|Any CPU
		{7EE0D05E-90A4-4158-AC58-37ACCA280D2C}.Debug|Any CPU.ActiveCfg = Debug|Any CPU
		{7EE0D05E-90A4-4158-AC58-37ACCA280D2C}.Debug|Any CPU.Build.0 = Debug|Any CPU
		{7EE0D05E-90A4-4158-AC58-37ACCA280D2C}.Release|Any CPU.ActiveCfg = Release|Any CPU
		{7EE0D05E-90A4-4158-AC58-37ACCA280D2C}.Release|Any CPU.Build.0 = Release|Any CPU
	EndGlobalSection
	GlobalSection(SolutionProperties) = preSolution
		HideSolutionNode = FALSE
	EndGlobalSection
EndGlobal
